// !$*UTF8*$!
{
	archiveVersion = 1;
	classes = {
	};
	objectVersion = 46;
	objects = {

/* Begin PBXBuildFile section */
		641DD4211E6BEC9900D5F840 /* main.m in Sources */ = {isa = PBXBuildFile; fileRef = 641DD4201E6BEC9900D5F840 /* main.m */; };
		641DD4241E6BEC9900D5F840 /* AppDelegate.m in Sources */ = {isa = PBXBuildFile; fileRef = 641DD4231E6BEC9900D5F840 /* AppDelegate.m */; };
		641DD4271E6BEC9900D5F840 /* ViewController.m in Sources */ = {isa = PBXBuildFile; fileRef = 641DD4261E6BEC9900D5F840 /* ViewController.m */; };
		641DD42A1E6BEC9900D5F840 /* Main.storyboard in Resources */ = {isa = PBXBuildFile; fileRef = 641DD4281E6BEC9900D5F840 /* Main.storyboard */; };
		641DD42C1E6BEC9900D5F840 /* Assets.xcassets in Resources */ = {isa = PBXBuildFile; fileRef = 641DD42B1E6BEC9900D5F840 /* Assets.xcassets */; };
		641DD42F1E6BEC9900D5F840 /* LaunchScreen.storyboard in Resources */ = {isa = PBXBuildFile; fileRef = 641DD42D1E6BEC9900D5F840 /* LaunchScreen.storyboard */; };
		641DD43A1E6BEC9900D5F840 /* testBundleTests.m in Sources */ = {isa = PBXBuildFile; fileRef = 641DD4391E6BEC9900D5F840 /* testBundleTests.m */; };
		641DD4451E6BEC9900D5F840 /* testBundleUITests.m in Sources */ = {isa = PBXBuildFile; fileRef = 641DD4441E6BEC9900D5F840 /* testBundleUITests.m */; };
		641DD4531E6BECAF00D5F840 /* ThoughtWork谷伟东.pdf in Resources */ = {isa = PBXBuildFile; fileRef = 641DD4521E6BECAF00D5F840 /* ThoughtWork谷伟东.pdf */; };
/* End PBXBuildFile section */

/* Begin PBXContainerItemProxy section */
		641DD4361E6BEC9900D5F840 /* PBXContainerItemProxy */ = {
			isa = PBXContainerItemProxy;
			containerPortal = 641DD4141E6BEC9900D5F840 /* Project object */;
			proxyType = 1;
			remoteGlobalIDString = 641DD41B1E6BEC9900D5F840;
			remoteInfo = testBundle;
		};
		641DD4411E6BEC9900D5F840 /* PBXContainerItemProxy */ = {
			isa = PBXContainerItemProxy;
			containerPortal = 641DD4141E6BEC9900D5F840 /* Project object */;
			proxyType = 1;
			remoteGlobalIDString = 641DD41B1E6BEC9900D5F840;
			remoteInfo = testBundle;
		};
/* End PBXContainerItemProxy section */

/* Begin PBXFileReference section */
		641DD41C1E6BEC9900D5F840 /* testBundle.app */ = {isa = PBXFileReference; explicitFileType = wrapper.application; includeInIndex = 0; path = testBundle.app; sourceTree = BUILT_PRODUCTS_DIR; };
		641DD4201E6BEC9900D5F840 /* main.m */ = {isa = PBXFileReference; lastKnownFileType = sourcecode.c.objc; path = main.m; sourceTree = "<group>"; };
		641DD4221E6BEC9900D5F840 /* AppDelegate.h */ = {isa = PBXFileReference; lastKnownFileType = sourcecode.c.h; path = AppDelegate.h; sourceTree = "<group>"; };
		641DD4231E6BEC9900D5F840 /* AppDelegate.m */ = {isa = PBXFileReference; lastKnownFileType = sourcecode.c.objc; path = AppDelegate.m; sourceTree = "<group>"; };
		641DD4251E6BEC9900D5F840 /* ViewController.h */ = {isa = PBXFileReference; lastKnownFileType = sourcecode.c.h; path = ViewController.h; sourceTree = "<group>"; };
		641DD4261E6BEC9900D5F840 /* ViewController.m */ = {isa = PBXFileReference; lastKnownFileType = sourcecode.c.objc; path = ViewController.m; sourceTree = "<group>"; };
		641DD4291E6BEC9900D5F840 /* Base */ = {isa = PBXFileReference; lastKnownFileType = file.storyboard; name = Base; path = Base.lproj/Main.storyboard; sourceTree = "<group>"; };
		641DD42B1E6BEC9900D5F840 /* Assets.xcassets */ = {isa = PBXFileReference; lastKnownFileType = folder.assetcatalog; path = Assets.xcassets; sourceTree = "<group>"; };
		641DD42E1E6BEC9900D5F840 /* Base */ = {isa = PBXFileReference; lastKnownFileType = file.storyboard; name = Base; path = Base.lproj/LaunchScreen.storyboard; sourceTree = "<group>"; };
		641DD4301E6BEC9900D5F840 /* Info.plist */ = {isa = PBXFileReference; lastKnownFileType = text.plist.xml; path = Info.plist; sourceTree = "<group>"; };
		641DD4351E6BEC9900D5F840 /* testBundleTests.xctest */ = {isa = PBXFileReference; explicitFileType = wrapper.cfbundle; includeInIndex = 0; path = testBundleTests.xctest; sourceTree = BUILT_PRODUCTS_DIR; };
		641DD4391E6BEC9900D5F840 /* testBundleTests.m */ = {isa = PBXFileReference; lastKnownFileType = sourcecode.c.objc; path = testBundleTests.m; sourceTree = "<group>"; };
		641DD43B1E6BEC9900D5F840 /* Info.plist */ = {isa = PBXFileReference; lastKnownFileType = text.plist.xml; path = Info.plist; sourceTree = "<group>"; };
		641DD4401E6BEC9900D5F840 /* testBundleUITests.xctest */ = {isa = PBXFileReference; explicitFileType = wrapper.cfbundle; includeInIndex = 0; path = testBundleUITests.xctest; sourceTree = BUILT_PRODUCTS_DIR; };
		641DD4441E6BEC9900D5F840 /* testBundleUITests.m */ = {isa = PBXFileReference; lastKnownFileType = sourcecode.c.objc; path = testBundleUITests.m; sourceTree = "<group>"; };
		641DD4461E6BEC9900D5F840 /* Info.plist */ = {isa = PBXFileReference; lastKnownFileType = text.plist.xml; path = Info.plist; sourceTree = "<group>"; };
		641DD4521E6BECAF00D5F840 /* ThoughtWork谷伟东.pdf */ = {isa = PBXFileReference; lastKnownFileType = image.pdf; name = "ThoughtWork谷伟东.pdf"; path = "../../../../Downloads/ThoughtWork谷伟东.pdf"; sourceTree = "<group>"; };
/* End PBXFileReference section */

/* Begin PBXFrameworksBuildPhase section */
		641DD4191E6BEC9900D5F840 /* Frameworks */ = {
			isa = PBXFrameworksBuildPhase;
			buildActionMask = 2147483647;
			files = (
			);
			runOnlyForDeploymentPostprocessing = 0;
		};
		641DD4321E6BEC9900D5F840 /* Frameworks */ = {
			isa = PBXFrameworksBuildPhase;
			buildActionMask = 2147483647;
			files = (
			);
			runOnlyForDeploymentPostprocessing = 0;
		};
		641DD43D1E6BEC9900D5F840 /* Frameworks */ = {
			isa = PBXFrameworksBuildPhase;
			buildActionMask = 2147483647;
			files = (
			);
			runOnlyForDeploymentPostprocessing = 0;
		};
/* End PBXFrameworksBuildPhase section */

/* Begin PBXGroup section */
		641DD4131E6BEC9900D5F840 = {
			isa = PBXGroup;
			children = (
				641DD41E1E6BEC9900D5F840 /* testBundle */,
				641DD4381E6BEC9900D5F840 /* testBundleTests */,
				641DD4431E6BEC9900D5F840 /* testBundleUITests */,
				641DD41D1E6BEC9900D5F840 /* Products */,
			);
			sourceTree = "<group>";
		};
		641DD41D1E6BEC9900D5F840 /* Products */ = {
			isa = PBXGroup;
			children = (
				641DD41C1E6BEC9900D5F840 /* testBundle.app */,
				641DD4351E6BEC9900D5F840 /* testBundleTests.xctest */,
				641DD4401E6BEC9900D5F840 /* testBundleUITests.xctest */,
			);
			name = Products;
			sourceTree = "<group>";
		};
		641DD41E1E6BEC9900D5F840 /* testBundle */ = {
			isa = PBXGroup;
			children = (
				641DD4521E6BECAF00D5F840 /* ThoughtWork谷伟东.pdf */,
				641DD4221E6BEC9900D5F840 /* AppDelegate.h */,
				641DD4231E6BEC9900D5F840 /* AppDelegate.m */,
				641DD4251E6BEC9900D5F840 /* ViewController.h */,
				641DD4261E6BEC9900D5F840 /* ViewController.m */,
				641DD4281E6BEC9900D5F840 /* Main.storyboard */,
				641DD42B1E6BEC9900D5F840 /* Assets.xcassets */,
				641DD42D1E6BEC9900D5F840 /* LaunchScreen.storyboard */,
				641DD4301E6BEC9900D5F840 /* Info.plist */,
				641DD41F1E6BEC9900D5F840 /* Supporting Files */,
			);
			path = testBundle;
			sourceTree = "<group>";
		};
		641DD41F1E6BEC9900D5F840 /* Supporting Files */ = {
			isa = PBXGroup;
			children = (
				641DD4201E6BEC9900D5F840 /* main.m */,
			);
			name = "Supporting Files";
			sourceTree = "<group>";
		};
		641DD4381E6BEC9900D5F840 /* testBundleTests */ = {
			isa = PBXGroup;
			children = (
				641DD4391E6BEC9900D5F840 /* testBundleTests.m */,
				641DD43B1E6BEC9900D5F840 /* Info.plist */,
			);
			path = testBundleTests;
			sourceTree = "<group>";
		};
		641DD4431E6BEC9900D5F840 /* testBundleUITests */ = {
			isa = PBXGroup;
			children = (
				641DD4441E6BEC9900D5F840 /* testBundleUITests.m */,
				641DD4461E6BEC9900D5F840 /* Info.plist */,
			);
			path = testBundleUITests;
			sourceTree = "<group>";
		};
/* End PBXGroup section */

/* Begin PBXNativeTarget section */
		641DD41B1E6BEC9900D5F840 /* testBundle */ = {
			isa = PBXNativeTarget;
			buildConfigurationList = 641DD4491E6BEC9900D5F840 /* Build configuration list for PBXNativeTarget "testBundle" */;
			buildPhases = (
				641DD4181E6BEC9900D5F840 /* Sources */,
				641DD4191E6BEC9900D5F840 /* Frameworks */,
				641DD41A1E6BEC9900D5F840 /* Resources */,
			);
			buildRules = (
			);
			dependencies = (
			);
			name = testBundle;
			productName = testBundle;
			productReference = 641DD41C1E6BEC9900D5F840 /* testBundle.app */;
			productType = "com.apple.product-type.application";
		};
		641DD4341E6BEC9900D5F840 /* testBundleTests */ = {
			isa = PBXNativeTarget;
			buildConfigurationList = 641DD44C1E6BEC9900D5F840 /* Build configuration list for PBXNativeTarget "testBundleTests" */;
			buildPhases = (
				641DD4311E6BEC9900D5F840 /* Sources */,
				641DD4321E6BEC9900D5F840 /* Frameworks */,
				641DD4331E6BEC9900D5F840 /* Resources */,
			);
			buildRules = (
			);
			dependencies = (
				641DD4371E6BEC9900D5F840 /* PBXTargetDependency */,
			);
			name = testBundleTests;
			productName = testBundleTests;
			productReference = 641DD4351E6BEC9900D5F840 /* testBundleTests.xctest */;
			productType = "com.apple.product-type.bundle.unit-test";
		};
		641DD43F1E6BEC9900D5F840 /* testBundleUITests */ = {
			isa = PBXNativeTarget;
			buildConfigurationList = 641DD44F1E6BEC9900D5F840 /* Build configuration list for PBXNativeTarget "testBundleUITests" */;
			buildPhases = (
				641DD43C1E6BEC9900D5F840 /* Sources */,
				641DD43D1E6BEC9900D5F840 /* Frameworks */,
				641DD43E1E6BEC9900D5F840 /* Resources */,
			);
			buildRules = (
			);
			dependencies = (
				641DD4421E6BEC9900D5F840 /* PBXTargetDependency */,
			);
			name = testBundleUITests;
			productName = testBundleUITests;
			productReference = 641DD4401E6BEC9900D5F840 /* testBundleUITests.xctest */;
			productType = "com.apple.product-type.bundle.ui-testing";
		};
/* End PBXNativeTarget section */

/* Begin PBXProject section */
		641DD4141E6BEC9900D5F840 /* Project object */ = {
			isa = PBXProject;
			attributes = {
				LastUpgradeCheck = 0820;
				ORGANIZATIONNAME = tw;
				TargetAttributes = {
					641DD41B1E6BEC9900D5F840 = {
						CreatedOnToolsVersion = 8.2.1;
						ProvisioningStyle = Automatic;
					};
					641DD4341E6BEC9900D5F840 = {
						CreatedOnToolsVersion = 8.2.1;
						ProvisioningStyle = Automatic;
						TestTargetID = 641DD41B1E6BEC9900D5F840;
					};
					641DD43F1E6BEC9900D5F840 = {
						CreatedOnToolsVersion = 8.2.1;
						ProvisioningStyle = Automatic;
						TestTargetID = 641DD41B1E6BEC9900D5F840;
					};
				};
			};
			buildConfigurationList = 641DD4171E6BEC9900D5F840 /* Build configuration list for PBXProject "testBundle" */;
			compatibilityVersion = "Xcode 3.2";
			developmentRegion = English;
			hasScannedForEncodings = 0;
			knownRegions = (
				en,
				Base,
			);
			mainGroup = 641DD4131E6BEC9900D5F840;
			productRefGroup = 641DD41D1E6BEC9900D5F840 /* Products */;
			projectDirPath = "";
			projectRoot = "";
			targets = (
				641DD41B1E6BEC9900D5F840 /* testBundle */,
				641DD4341E6BEC9900D5F840 /* testBundleTests */,
				641DD43F1E6BEC9900D5F840 /* testBundleUITests */,
			);
		};
/* End PBXProject section */

/* Begin PBXResourcesBuildPhase section */
		641DD41A1E6BEC9900D5F840 /* Resources */ = {
			isa = PBXResourcesBuildPhase;
			buildActionMask = 2147483647;
			files = (
				641DD42F1E6BEC9900D5F840 /* LaunchScreen.storyboard in Resources */,
				641DD42C1E6BEC9900D5F840 /* Assets.xcassets in Resources */,
				641DD4531E6BECAF00D5F840 /* ThoughtWork谷伟东.pdf in Resources */,
				641DD42A1E6BEC9900D5F840 /* Main.storyboard in Resources */,
			);
			runOnlyForDeploymentPostprocessing = 0;
		};
		641DD4331E6BEC9900D5F840 /* Resources */ = {
			isa = PBXResourcesBuildPhase;
			buildActionMask = 2147483647;
			files = (
			);
			runOnlyForDeploymentPostprocessing = 0;
		};
		641DD43E1E6BEC9900D5F840 /* Resources */ = {
			isa = PBXResourcesBuildPhase;
			buildActionMask = 2147483647;
			files = (
			);
			runOnlyForDeploymentPostprocessing = 0;
		};
/* End PBXResourcesBuildPhase section */

/* Begin PBXSourcesBuildPhase section */
		641DD4181E6BEC9900D5F840 /* Sources */ = {
			isa = PBXSourcesBuildPhase;
			buildActionMask = 2147483647;
			files = (
				641DD4271E6BEC9900D5F840 /* ViewController.m in Sources */,
				641DD4241E6BEC9900D5F840 /* AppDelegate.m in Sources */,
				641DD4211E6BEC9900D5F840 /* main.m in Sources */,
			);
			runOnlyForDeploymentPostprocessing = 0;
		};
		641DD4311E6BEC9900D5F840 /* Sources */ = {
			isa = PBXSourcesBuildPhase;
			buildActionMask = 2147483647;
			files = (
				641DD43A1E6BEC9900D5F840 /* testBundleTests.m in Sources */,
			);
			runOnlyForDeploymentPostprocessing = 0;
		};
		641DD43C1E6BEC9900D5F840 /* Sources */ = {
			isa = PBXSourcesBuildPhase;
			buildActionMask = 2147483647;
			files = (
				641DD4451E6BEC9900D5F840 /* testBundleUITests.m in Sources */,
			);
			runOnlyForDeploymentPostprocessing = 0;
		};
/* End PBXSourcesBuildPhase section */

/* Begin PBXTargetDependency section */
		641DD4371E6BEC9900D5F840 /* PBXTargetDependency */ = {
			isa = PBXTargetDependency;
			target = 641DD41B1E6BEC9900D5F840 /* testBundle */;
			targetProxy = 641DD4361E6BEC9900D5F840 /* PBXContainerItemProxy */;
		};
		641DD4421E6BEC9900D5F840 /* PBXTargetDependency */ = {
			isa = PBXTargetDependency;
			target = 641DD41B1E6BEC9900D5F840 /* testBundle */;
			targetProxy = 641DD4411E6BEC9900D5F840 /* PBXContainerItemProxy */;
		};
/* End PBXTargetDependency section */

/* Begin PBXVariantGroup section */
		641DD4281E6BEC9900D5F840 /* Main.storyboard */ = {
			isa = PBXVariantGroup;
			children = (
				641DD4291E6BEC9900D5F840 /* Base */,
			);
			name = Main.storyboard;
			sourceTree = "<group>";
		};
		641DD42D1E6BEC9900D5F840 /* LaunchScreen.storyboard */ = {
			isa = PBXVariantGroup;
			children = (
				641DD42E1E6BEC9900D5F840 /* Base */,
			);
			name = LaunchScreen.storyboard;
			sourceTree = "<group>";
		};
/* End PBXVariantGroup section */

/* Begin XCBuildConfiguration section */
		641DD4471E6BEC9900D5F840 /* Debug */ = {
			isa = XCBuildConfiguration;
			buildSettings = {
				ALWAYS_SEARCH_USER_PATHS = NO;
				CLANG_ANALYZER_NONNULL = YES;
				CLANG_CXX_LANGUAGE_STANDARD = "gnu++0x";
				CLANG_CXX_LIBRARY = "libc++";
				CLANG_ENABLE_MODULES = YES;
				CLANG_ENABLE_OBJC_ARC = YES;
				CLANG_WARN_BOOL_CONVERSION = YES;
				CLANG_WARN_CONSTANT_CONVERSION = YES;
				CLANG_WARN_DIRECT_OBJC_ISA_USAGE = YES_ERROR;
				CLANG_WARN_DOCUMENTATION_COMMENTS = YES;
				CLANG_WARN_EMPTY_BODY = YES;
				CLANG_WARN_ENUM_CONVERSION = YES;
				CLANG_WARN_INFINITE_RECURSION = YES;
				CLANG_WARN_INT_CONVERSION = YES;
				CLANG_WARN_OBJC_ROOT_CLASS = YES_ERROR;
				CLANG_WARN_SUSPICIOUS_MOVE = YES;
				CLANG_WARN_UNREACHABLE_CODE = YES;
				CLANG_WARN__DUPLICATE_METHOD_MATCH = YES;
				"CODE_SIGN_IDENTITY[sdk=iphoneos*]" = "iPhone Developer";
				COPY_PHASE_STRIP = NO;
				DEBUG_INFORMATION_FORMAT = dwarf;
				ENABLE_STRICT_OBJC_MSGSEND = YES;
				ENABLE_TESTABILITY = YES;
				GCC_C_LANGUAGE_STANDARD = gnu99;
				GCC_DYNAMIC_NO_PIC = NO;
				GCC_NO_COMMON_BLOCKS = YES;
				GCC_OPTIMIZATION_LEVEL = 0;
				GCC_PREPROCESSOR_DEFINITIONS = (
					"DEBUG=1",
					"$(inherited)",
				);
				GCC_WARN_64_TO_32_BIT_CONVERSION = YES;
				GCC_WARN_ABOUT_RETURN_TYPE = YES_ERROR;
				GCC_WARN_UNDECLARED_SELECTOR = YES;
				GCC_WARN_UNINITIALIZED_AUTOS = YES_AGGRESSIVE;
				GCC_WARN_UNUSED_FUNCTION = YES;
				GCC_WARN_UNUSED_VARIABLE = YES;
				IPHONEOS_DEPLOYMENT_TARGET = 10.2;
				MTL_ENABLE_DEBUG_INFO = YES;
				ONLY_ACTIVE_ARCH = YES;
				SDKROOT = iphoneos;
				TARGETED_DEVICE_FAMILY = "1,2";
			};
			name = Debug;
		};
		641DD4481E6BEC9900D5F840 /* Release */ = {
			isa = XCBuildConfiguration;
			buildSettings = {
				ALWAYS_SEARCH_USER_PATHS = NO;
				CLANG_ANALYZER_NONNULL = YES;
				CLANG_CXX_LANGUAGE_STANDARD = "gnu++0x";
				CLANG_CXX_LIBRARY = "libc++";
				CLANG_ENABLE_MODULES = YES;
				CLANG_ENABLE_OBJC_ARC = YES;
				CLANG_WARN_BOOL_CONVERSION = YES;
				CLANG_WARN_CONSTANT_CONVERSION = YES;
				CLANG_WARN_DIRECT_OBJC_ISA_USAGE = YES_ERROR;
				CLANG_WARN_DOCUMENTATION_COMMENTS = YES;
				CLANG_WARN_EMPTY_BODY = YES;
				CLANG_WARN_ENUM_CONVERSION = YES;
				CLANG_WARN_INFINITE_RECURSION = YES;
				CLANG_WARN_INT_CONVERSION = YES;
				CLANG_WARN_OBJC_ROOT_CLASS = YES_ERROR;
				CLANG_WARN_SUSPICIOUS_MOVE = YES;
				CLANG_WARN_UNREACHABLE_CODE = YES;
				CLANG_WARN__DUPLICATE_METHOD_MATCH = YES;
				"CODE_SIGN_IDENTITY[sdk=iphoneos*]" = "iPhone Developer";
				COPY_PHASE_STRIP = NO;
				DEBUG_INFORMATION_FORMAT = "dwarf-with-dsym";
				ENABLE_NS_ASSERTIONS = NO;
				ENABLE_STRICT_OBJC_MSGSEND = YES;
				GCC_C_LANGUAGE_STANDARD = gnu99;
				GCC_NO_COMMON_BLOCKS = YES;
				GCC_WARN_64_TO_32_BIT_CONVERSION = YES;
				GCC_WARN_ABOUT_RETURN_TYPE = YES_ERROR;
				GCC_WARN_UNDECLARED_SELECTOR = YES;
				GCC_WARN_UNINITIALIZED_AUTOS = YES_AGGRESSIVE;
				GCC_WARN_UNUSED_FUNCTION = YES;
				GCC_WARN_UNUSED_VARIABLE = YES;
				IPHONEOS_DEPLOYMENT_TARGET = 10.2;
				MTL_ENABLE_DEBUG_INFO = NO;
				SDKROOT = iphoneos;
				TARGETED_DEVICE_FAMILY = "1,2";
				VALIDATE_PRODUCT = YES;
			};
			name = Release;
		};
		641DD44A1E6BEC9900D5F840 /* Debug */ = {
			isa = XCBuildConfiguration;
			buildSettings = {
				ASSETCATALOG_COMPILER_APPICON_NAME = AppIcon;
				INFOPLIST_FILE = testBundle/Info.plist;
				LD_RUNPATH_SEARCH_PATHS = "$(inherited) @executable_path/Frameworks";
				PRODUCT_BUNDLE_IDENTIFIER = com.tw.testBundle;
				PRODUCT_NAME = "$(TARGET_NAME)";
			};
			name = Debug;
		};
		641DD44B1E6BEC9900D5F840 /* Release */ = {
			isa = XCBuildConfiguration;
			buildSettings = {
				ASSETCATALOG_COMPILER_APPICON_NAME = AppIcon;
				INFOPLIST_FILE = testBundle/Info.plist;
				LD_RUNPATH_SEARCH_PATHS = "$(inherited) @executable_path/Frameworks";
				PRODUCT_BUNDLE_IDENTIFIER = com.tw.testBundle;
				PRODUCT_NAME = "$(TARGET_NAME)";
			};
			name = Release;
		};
		641DD44D1E6BEC9900D5F840 /* Debug */ = {
			isa = XCBuildConfiguration;
			buildSettings = {
				BUNDLE_LOADER = "$(TEST_HOST)";
				INFOPLIST_FILE = testBundleTests/Info.plist;
				LD_RUNPATH_SEARCH_PATHS = "$(inherited) @executable_path/Frameworks @loader_path/Frameworks";
				PRODUCT_BUNDLE_IDENTIFIER = com.tw.testBundleTests;
				PRODUCT_NAME = "$(TARGET_NAME)";
				TEST_HOST = "$(BUILT_PRODUCTS_DIR)/testBundle.app/testBundle";
			};
			name = Debug;
		};
		641DD44E1E6BEC9900D5F840 /* Release */ = {
			isa = XCBuildConfiguration;
			buildSettings = {
				BUNDLE_LOADER = "$(TEST_HOST)";
				INFOPLIST_FILE = testBundleTests/Info.plist;
				LD_RUNPATH_SEARCH_PATHS = "$(inherited) @executable_path/Frameworks @loader_path/Frameworks";
				PRODUCT_BUNDLE_IDENTIFIER = com.tw.testBundleTests;
				PRODUCT_NAME = "$(TARGET_NAME)";
				TEST_HOST = "$(BUILT_PRODUCTS_DIR)/testBundle.app/testBundle";
			};
			name = Release;
		};
		641DD4501E6BEC9900D5F840 /* Debug */ = {
			isa = XCBuildConfiguration;
			buildSettings = {
				INFOPLIST_FILE = testBundleUITests/Info.plist;
				LD_RUNPATH_SEARCH_PATHS = "$(inherited) @executable_path/Frameworks @loader_path/Frameworks";
				PRODUCT_BUNDLE_IDENTIFIER = com.tw.testBundleUITests;
				PRODUCT_NAME = "$(TARGET_NAME)";
				TEST_TARGET_NAME = testBundle;
			};
			name = Debug;
		};
		641DD4511E6BEC9900D5F840 /* Release */ = {
			isa = XCBuildConfiguration;
			buildSettings = {
				INFOPLIST_FILE = testBundleUITests/Info.plist;
				LD_RUNPATH_SEARCH_PATHS = "$(inherited) @executable_path/Frameworks @loader_path/Frameworks";
				PRODUCT_BUNDLE_IDENTIFIER = com.tw.testBundleUITests;
				PRODUCT_NAME = "$(TARGET_NAME)";
				TEST_TARGET_NAME = testBundle;
			};
			name = Release;
		};
/* End XCBuildConfiguration section */

/* Begin XCConfigurationList section */
		641DD4171E6BEC9900D5F840 /* Build configuration list for PBXProject "testBundle" */ = {
			isa = XCConfigurationList;
			buildConfigurations = (
				641DD4471E6BEC9900D5F840 /* Debug */,
				641DD4481E6BEC9900D5F840 /* Release */,
			);
			defaultConfigurationIsVisible = 0;
			defaultConfigurationName = Release;
		};
		641DD4491E6BEC9900D5F840 /* Build configuration list for PBXNativeTarget "testBundle" */ = {
			isa = XCConfigurationList;
			buildConfigurations = (
				641DD44A1E6BEC9900D5F840 /* Debug */,
				641DD44B1E6BEC9900D5F840 /* Release */,
			);
			defaultConfigurationIsVisible = 0;
		};
		641DD44C1E6BEC9900D5F840 /* Build configuration list for PBXNativeTarget "testBundleTests" */ = {
			isa = XCConfigurationList;
			buildConfigurations = (
				641DD44D1E6BEC9900D5F840 /* Debug */,
				641DD44E1E6BEC9900D5F840 /* Release */,
			);
			defaultConfigurationIsVisible = 0;
		};
		641DD44F1E6BEC9900D5F840 /* Build configuration list for PBXNativeTarget "testBundleUITests" */ = {
			isa = XCConfigurationList;
			buildConfigurations = (
				641DD4501E6BEC9900D5F840 /* Debug */,
				641DD4511E6BEC9900D5F840 /* Release */,
			);
			defaultConfigurationIsVisible = 0;
		};
/* End XCConfigurationList section */
	};
	rootObject = 641DD4141E6BEC9900D5F840 /* Project object */;
}
